
Microsoft Visual Studio Solution File, Format Version 12.00
Project("{FAE04EC0-301F-11D3-BF4B-00C04F79EFBC}") = "NinjaBot-DC", "NinjaBot-DC\NinjaBot-DC.csproj", "{D5CC8CB5-0B1F-4230-903B-0D81EFEA0E6D}"
EndProject
Project("{FAE04EC0-301F-11D3-BF4B-00C04F79EFBC}") = "PluginBase", "PluginBase\PluginBase.csproj", "{3D629496-C3BF-48B4-80F9-1A2FEF4E082D}"
EndProject
Project("{2150E333-8FDC-42A3-9474-1A3956D46DE8}") = "Plugins", "Plugins", "{AFB40CC2-BAF6-47D7-9128-F7A9A44CCCAE}"
EndProject
Project("{FAE04EC0-301F-11D3-BF4B-00C04F79EFBC}") = "RankSystemPlugin", "RankSystemPlugin\RankSystemPlugin.csproj", "{C9DF0200-4821-491C-AE70-B2FCEC49238E}"
EndProject
Project("{FAE04EC0-301F-11D3-BF4B-00C04F79EFBC}") = "StatsPlugin", "StatsPlugin\StatsPlugin.csproj", "{894D1152-9B30-4F8D-9727-6DDD7EB8531A}"
EndProject
Project("{FAE04EC0-301F-11D3-BF4B-00C04F79EFBC}") = "LoungeSystemPlugin", "LoungeSystemPlugin\LoungeSystemPlugin.csproj", "{BC9E0D6F-C679-48CA-B7F5-FB7AD84D9CC1}"
EndProject
Project("{2150E333-8FDC-42A3-9474-1A3956D46DE8}") = "Solution Items", "Solution Items", "{6B894EDA-FC02-466F-B722-7AC508F3A798}"
EndProject
Project("{FAE04EC0-301F-11D3-BF4B-00C04F79EFBC}") = "GreeterPlugin", "GreeterPlugin\GreeterPlugin.csproj", "{1DA820D4-2CEE-436E-AC55-BB532EBA6DF8}"
EndProject
Project("{FAE04EC0-301F-11D3-BF4B-00C04F79EFBC}") = "CommonPluginHelpers", "CommonPluginHelpers\CommonPluginHelpers.csproj", "{EEF7212F-2BC2-4A35-8DB9-DE3915413CCD}"
EndProject
Global
	GlobalSection(SolutionConfigurationPlatforms) = preSolution
		Debug|Any CPU = Debug|Any CPU
		Release|Any CPU = Release|Any CPU
	EndGlobalSection
	GlobalSection(ProjectConfigurationPlatforms) = postSolution
		{D5CC8CB5-0B1F-4230-903B-0D81EFEA0E6D}.Debug|Any CPU.ActiveCfg = Debug|Any CPU
		{D5CC8CB5-0B1F-4230-903B-0D81EFEA0E6D}.Debug|Any CPU.Build.0 = Debug|Any CPU
		{D5CC8CB5-0B1F-4230-903B-0D81EFEA0E6D}.Release|Any CPU.ActiveCfg = Release|Any CPU
		{D5CC8CB5-0B1F-4230-903B-0D81EFEA0E6D}.Release|Any CPU.Build.0 = Release|Any CPU
		{D5CC8CB5-0B1F-4230-903B-0D81EFEA0E6D}.Debug|Any CPU.Deploy.0 = Debug|Any CPU
		{3D629496-C3BF-48B4-80F9-1A2FEF4E082D}.Debug|Any CPU.ActiveCfg = Debug|Any CPU
		{3D629496-C3BF-48B4-80F9-1A2FEF4E082D}.Debug|Any CPU.Build.0 = Debug|Any CPU
		{3D629496-C3BF-48B4-80F9-1A2FEF4E082D}.Release|Any CPU.ActiveCfg = Release|Any CPU
		{3D629496-C3BF-48B4-80F9-1A2FEF4E082D}.Release|Any CPU.Build.0 = Release|Any CPU
		{3D629496-C3BF-48B4-80F9-1A2FEF4E082D}.Debug|Any CPU.Deploy.0 = Debug|Any CPU
		{C9DF0200-4821-491C-AE70-B2FCEC49238E}.Debug|Any CPU.ActiveCfg = Debug|Any CPU
		{C9DF0200-4821-491C-AE70-B2FCEC49238E}.Debug|Any CPU.Build.0 = Debug|Any CPU
		{C9DF0200-4821-491C-AE70-B2FCEC49238E}.Release|Any CPU.ActiveCfg = Release|Any CPU
		{C9DF0200-4821-491C-AE70-B2FCEC49238E}.Release|Any CPU.Build.0 = Release|Any CPU
		{C9DF0200-4821-491C-AE70-B2FCEC49238E}.Debug|Any CPU.Deploy.0 = Debug|Any CPU
		{894D1152-9B30-4F8D-9727-6DDD7EB8531A}.Debug|Any CPU.ActiveCfg = Debug|Any CPU
		{894D1152-9B30-4F8D-9727-6DDD7EB8531A}.Debug|Any CPU.Build.0 = Debug|Any CPU
		{894D1152-9B30-4F8D-9727-6DDD7EB8531A}.Release|Any CPU.ActiveCfg = Release|Any CPU
		{894D1152-9B30-4F8D-9727-6DDD7EB8531A}.Release|Any CPU.Build.0 = Release|Any CPU
		{894D1152-9B30-4F8D-9727-6DDD7EB8531A}.Debug|Any CPU.Deploy.0 = Debug|Any CPU
		{BC9E0D6F-C679-48CA-B7F5-FB7AD84D9CC1}.Debug|Any CPU.ActiveCfg = Debug|Any CPU
		{BC9E0D6F-C679-48CA-B7F5-FB7AD84D9CC1}.Debug|Any CPU.Build.0 = Debug|Any CPU
		{BC9E0D6F-C679-48CA-B7F5-FB7AD84D9CC1}.Release|Any CPU.ActiveCfg = Release|Any CPU
		{BC9E0D6F-C679-48CA-B7F5-FB7AD84D9CC1}.Release|Any CPU.Build.0 = Release|Any CPU
		{BC9E0D6F-C679-48CA-B7F5-FB7AD84D9CC1}.Debug|Any CPU.Deploy.0 = Debug|Any CPU
		{1DA820D4-2CEE-436E-AC55-BB532EBA6DF8}.Debug|Any CPU.ActiveCfg = Debug|Any CPU
		{1DA820D4-2CEE-436E-AC55-BB532EBA6DF8}.Debug|Any CPU.Build.0 = Debug|Any CPU
		{1DA820D4-2CEE-436E-AC55-BB532EBA6DF8}.Release|Any CPU.ActiveCfg = Release|Any CPU
		{1DA820D4-2CEE-436E-AC55-BB532EBA6DF8}.Release|Any CPU.Build.0 = Release|Any CPU
		{1DA820D4-2CEE-436E-AC55-BB532EBA6DF8}.Debug|Any CPU.Deploy.0 = Debug|Any CPU
		{EEF7212F-2BC2-4A35-8DB9-DE3915413CCD}.Debug|Any CPU.ActiveCfg = Debug|Any CPU
		{EEF7212F-2BC2-4A35-8DB9-DE3915413CCD}.Debug|Any CPU.Build.0 = Debug|Any CPU
		{EEF7212F-2BC2-4A35-8DB9-DE3915413CCD}.Release|Any CPU.ActiveCfg = Release|Any CPU
		{EEF7212F-2BC2-4A35-8DB9-DE3915413CCD}.Release|Any CPU.Build.0 = Release|Any CPU
		{EEF7212F-2BC2-4A35-8DB9-DE3915413CCD}.Debug|Any CPU.Deploy.0 = Debug|Any CPU
	EndGlobalSection
	GlobalSection(NestedProjects) = preSolution
		{C9DF0200-4821-491C-AE70-B2FCEC49238E} = {AFB40CC2-BAF6-47D7-9128-F7A9A44CCCAE}
		{894D1152-9B30-4F8D-9727-6DDD7EB8531A} = {AFB40CC2-BAF6-47D7-9128-F7A9A44CCCAE}
		{BC9E0D6F-C679-48CA-B7F5-FB7AD84D9CC1} = {AFB40CC2-BAF6-47D7-9128-F7A9A44CCCAE}
		{1DA820D4-2CEE-436E-AC55-BB532EBA6DF8} = {AFB40CC2-BAF6-47D7-9128-F7A9A44CCCAE}
	EndGlobalSection
EndGlobal
