
Microsoft Visual Studio Solution File, Format Version 12.00
Project("{FAE04EC0-301F-11D3-BF4B-00C04F79EFBC}") = "NinjaBot-DC", "NinjaBot-DC\NinjaBot-DC.csproj", "{D5CC8CB5-0B1F-4230-903B-0D81EFEA0E6D}"
EndProject
Project("{FAE04EC0-301F-11D3-BF4B-00C04F79EFBC}") = "PluginBase", "PluginBase\PluginBase.csproj", "{3D629496-C3BF-48B4-80F9-1A2FEF4E082D}"
EndProject
Global
	GlobalSection(SolutionConfigurationPlatforms) = preSolution
		Debug|Any CPU = Debug|Any CPU
		Release|Any CPU = Release|Any CPU
	EndGlobalSection
	GlobalSection(ProjectConfigurationPlatforms) = postSolution
		{D5CC8CB5-0B1F-4230-903B-0D81EFEA0E6D}.Debug|Any CPU.ActiveCfg = Debug|Any CPU
		{D5CC8CB5-0B1F-4230-903B-0D81EFEA0E6D}.Debug|Any CPU.Build.0 = Debug|Any CPU
		{D5CC8CB5-0B1F-4230-903B-0D81EFEA0E6D}.Release|Any CPU.ActiveCfg = Release|Any CPU
		{D5CC8CB5-0B1F-4230-903B-0D81EFEA0E6D}.Release|Any CPU.Build.0 = Release|Any CPU
		{3D629496-C3BF-48B4-80F9-1A2FEF4E082D}.Debug|Any CPU.ActiveCfg = Debug|Any CPU
		{3D629496-C3BF-48B4-80F9-1A2FEF4E082D}.Debug|Any CPU.Build.0 = Debug|Any CPU
		{3D629496-C3BF-48B4-80F9-1A2FEF4E082D}.Release|Any CPU.ActiveCfg = Release|Any CPU
		{3D629496-C3BF-48B4-80F9-1A2FEF4E082D}.Release|Any CPU.Build.0 = Release|Any CPU
	EndGlobalSection
EndGlobal
